
Microsoft Visual Studio Solution File, Format Version 12.00
# Visual Studio 15
VisualStudioVersion = 15.0.28307.1169
MinimumVisualStudioVersion = 10.0.40219.1
Project("{FAE04EC0-301F-11D3-BF4B-00C04F79EFBC}") = "SharePointAddInNgTest", "SharePointAddInNgTest\SharePointAddInNgTest.csproj", "{7CAD64F2-D2DD-434E-970D-42B926BF03CD}"
EndProject
Global
	GlobalSection(SolutionConfigurationPlatforms) = preSolution
		Debug|Any CPU = Debug|Any CPU
		Release|Any CPU = Release|Any CPU
	EndGlobalSection
	GlobalSection(ProjectConfigurationPlatforms) = postSolution
		{7CAD64F2-D2DD-434E-970D-42B926BF03CD}.Debug|Any CPU.ActiveCfg = Debug|Any CPU
		{7CAD64F2-D2DD-434E-970D-42B926BF03CD}.Debug|Any CPU.Build.0 = Debug|Any CPU
		{7CAD64F2-D2DD-434E-970D-42B926BF03CD}.Debug|Any CPU.Deploy.0 = Debug|Any CPU
		{7CAD64F2-D2DD-434E-970D-42B926BF03CD}.Release|Any CPU.ActiveCfg = Release|Any CPU
		{7CAD64F2-D2DD-434E-970D-42B926BF03CD}.Release|Any CPU.Build.0 = Release|Any CPU
		{7CAD64F2-D2DD-434E-970D-42B926BF03CD}.Release|Any CPU.Deploy.0 = Release|Any CPU
	EndGlobalSection
	GlobalSection(SolutionProperties) = preSolution
		HideSolutionNode = FALSE
	EndGlobalSection
	GlobalSection(ExtensibilityGlobals) = postSolution
		SolutionGuid = {6DC1B268-8119-4FE7-B1FB-C3D626238BAB}
	EndGlobalSection
EndGlobal
